<?xml version="1.0" encoding="utf-8"?>
<Project ToolsVersion="4.0" xmlns="http://schemas.microsoft.com/developer/msbuild/2003">
  <ItemGroup>
    <Filter Include="Source Files">
      <UniqueIdentifier>{4FC737F1-C7A5-4376-A066-2A32D752A2FF}</UniqueIdentifier>
      <Extensions>cpp;c;cc;cxx;c++;def;odl;idl;hpj;bat;asm;asmx</Extensions>
    </Filter>
    <Filter Include="Header Files">
      <UniqueIdentifier>{93995380-89BD-4b04-88EB-625FBE52EBFB}</UniqueIdentifier>
      <Extensions>h;hh;hpp;hxx;h++;hm;inl;inc;ipp;xsd</Extensions>
    </Filter>
    <Filter Include="Resource Files">
      <UniqueIdentifier>{67DA6AB6-F800-4c08-8B7A-83BB121AAD01}</UniqueIdentifier>
      <Extensions>rc;ico;cur;bmp;dlg;rc2;rct;bin;rgs;gif;jpg;jpeg;jpe;resx;tiff;tif;png;wav;mfcribbon-ms</Extensions>
    </Filter>
    <Filter Include="Header Files\MapleTypes">
      <UniqueIdentifier>{8694bb41-e655-4ee5-8d0d-df08d5e043f4}</UniqueIdentifier>
    </Filter>
    <Filter Include="Header Files\Tools">
      <UniqueIdentifier>{99fc11fd-c7ce-4ed7-9985-42a80e654ac2}</UniqueIdentifier>
    </Filter>
    <Filter Include="FakeModule">
      <UniqueIdentifier>{1987d19a-3c1d-45ff-bb93-51bc09536df4}</UniqueIdentifier>
    </Filter>
    <Filter Include="Header Files\MapleTypes\ZAllocEx">
      <UniqueIdentifier>{0194d71c-6d23-4669-a225-f03b551901e0}</UniqueIdentifier>
    </Filter>
    <Filter Include="Header Files\MapleTypes\ZRef">
      <UniqueIdentifier>{ae38652d-82f0-4033-9927-3e1e372f46c1}</UniqueIdentifier>
    </Filter>
    <Filter Include="Header Files\MapleTypes\ZRecycleable">
      <UniqueIdentifier>{3cb1c63c-3e12-4bf9-8b34-faa933169f29}</UniqueIdentifier>
    </Filter>
  </ItemGroup>
  <ItemGroup>
    <ClInclude Include="detours.h">
      <Filter>Header Files</Filter>
    </ClInclude>
    <ClInclude Include="ZXString.h">
      <Filter>Header Files\MapleTypes</Filter>
    </ClInclude>
    <ClInclude Include="ZMap.h">
      <Filter>Header Files\MapleTypes</Filter>
    </ClInclude>
    <ClInclude Include="ZList.h">
      <Filter>Header Files\MapleTypes</Filter>
    </ClInclude>
    <ClInclude Include="ZArray.h">
      <Filter>Header Files\MapleTypes</Filter>
    </ClInclude>
    <ClInclude Include="TSecType.h">
      <Filter>Header Files\MapleTypes</Filter>
    </ClInclude>
    <ClInclude Include="logger.h">
      <Filter>Header Files\Tools</Filter>
    </ClInclude>
    <ClInclude Include="hooker.h">
      <Filter>Header Files\Tools</Filter>
    </ClInclude>
    <ClInclude Include="Common.h">
      <Filter>Header Files</Filter>
    </ClInclude>
    <ClInclude Include="memedit.h">
      <Filter>Header Files\Tools</Filter>
    </ClInclude>
    <ClInclude Include="FakeModule.h">
      <Filter>FakeModule</Filter>
    </ClInclude>
    <ClInclude Include="ZAllocEx.h">
      <Filter>Header Files\MapleTypes\ZAllocEx</Filter>
    </ClInclude>
    <ClInclude Include="ZAllocBase.h">
      <Filter>Header Files\MapleTypes\ZAllocEx</Filter>
    </ClInclude>
    <ClInclude Include="ZAllocAnonSelector.h">
      <Filter>Header Files\MapleTypes\ZAllocEx</Filter>
    </ClInclude>
    <ClInclude Include="ZAllocStrSelector.h">
      <Filter>Header Files\MapleTypes\ZAllocEx</Filter>
    </ClInclude>
    <ClInclude Include="winhooks.h">
      <Filter>Header Files\Tools</Filter>
    </ClInclude>
    <ClInclude Include="winhook_types.h">
      <Filter>Header Files\Tools</Filter>
    </ClInclude>
    <ClInclude Include="ZFatalSection.h">
      <Filter>Header Files\MapleTypes</Filter>
    </ClInclude>
    <ClInclude Include="ZRef.h">
      <Filter>Header Files\MapleTypes\ZRef</Filter>
    </ClInclude>
    <ClInclude Include="ZRefCounted.h">
      <Filter>Header Files\MapleTypes\ZRef</Filter>
    </ClInclude>
    <ClInclude Include="ZRefCountedDummy.h">
      <Filter>Header Files\MapleTypes\ZRef</Filter>
    </ClInclude>
    <ClInclude Include="ZRecyclableStatic.h">
      <Filter>Header Files\MapleTypes\ZRecycleable</Filter>
    </ClInclude>
    <ClInclude Include="ZRecyclableAvBuffer.h">
      <Filter>Header Files\MapleTypes\ZRecycleable</Filter>
    </ClInclude>
    <ClInclude Include="ZRecyclable.h">
      <Filter>Header Files\MapleTypes\ZRecycleable</Filter>
    </ClInclude>
    <ClInclude Include="ZRefCountedAccessor.h">
      <Filter>Header Files\MapleTypes\ZRef</Filter>
    </ClInclude>
    <ClInclude Include="ZtlSecure.h">
      <Filter>Header Files\MapleTypes</Filter>
    </ClInclude>
  </ItemGroup>
  <ItemGroup>
    <ClCompile Include="FakeModule.cpp">
      <Filter>FakeModule</Filter>
    </ClCompile>
    <ClCompile Include="winhook_types.cpp">
      <Filter>Source Files</Filter>
    </ClCompile>
    <ClCompile Include="winhooks.cpp">
      <Filter>Source Files</Filter>
    </ClCompile>
    <ClCompile Include="Common.cpp">
      <Filter>Source Files</Filter>
    </ClCompile>
    <ClCompile Include="hooker.cpp">
      <Filter>Source Files</Filter>
    </ClCompile>
    <ClCompile Include="logger.cpp">
      <Filter>Source Files</Filter>
    </ClCompile>
    <ClCompile Include="memedit.cpp">
      <Filter>Source Files</Filter>
    </ClCompile>
    <ClCompile Include="ZAllocEx.cpp">
      <Filter>Source Files</Filter>
    </ClCompile>
  </ItemGroup>
</Project>